
Microsoft Visual Studio Solution File, Format Version 12.00
# Visual Studio 14
VisualStudioVersion = 14.0.25420.1
MinimumVisualStudioVersion = 10.0.40219.1
Project("{FAE04EC0-301F-11D3-BF4B-00C04F79EFBC}") = "VirtualTreeView", "VirtualTreeView\VirtualTreeView.csproj", "{6725A05E-A5FE-43B1-97CF-2E0C041ABC81}"
EndProject
Project("{FAE04EC0-301F-11D3-BF4B-00C04F79EFBC}") = "VirtualTreeViewDemo", "Test\VirtualTreeViewDemo\VirtualTreeViewDemo.csproj", "{96F76766-50F8-4B96-BE83-C8C278F14E09}"
EndProject
Global
	GlobalSection(SolutionConfigurationPlatforms) = preSolution
		Debug|Any CPU = Debug|Any CPU
		Release|Any CPU = Release|Any CPU
	EndGlobalSection
	GlobalSection(ProjectConfigurationPlatforms) = postSolution
		{6725A05E-A5FE-43B1-97CF-2E0C041ABC81}.Debug|Any CPU.ActiveCfg = Debug|Any CPU
		{6725A05E-A5FE-43B1-97CF-2E0C041ABC81}.Debug|Any CPU.Build.0 = Debug|Any CPU
		{6725A05E-A5FE-43B1-97CF-2E0C041ABC81}.Release|Any CPU.ActiveCfg = Release|Any CPU
		{6725A05E-A5FE-43B1-97CF-2E0C041ABC81}.Release|Any CPU.Build.0 = Release|Any CPU
		{96F76766-50F8-4B96-BE83-C8C278F14E09}.Debug|Any CPU.ActiveCfg = Debug|Any CPU
		{96F76766-50F8-4B96-BE83-C8C278F14E09}.Debug|Any CPU.Build.0 = Debug|Any CPU
		{96F76766-50F8-4B96-BE83-C8C278F14E09}.Release|Any CPU.ActiveCfg = Release|Any CPU
		{96F76766-50F8-4B96-BE83-C8C278F14E09}.Release|Any CPU.Build.0 = Release|Any CPU
	EndGlobalSection
	GlobalSection(SolutionProperties) = preSolution
		HideSolutionNode = FALSE
	EndGlobalSection
EndGlobal
